// !$*UTF8*$!
{
	archiveVersion = 1;
	classes = {
	};
	objectVersion = 46;
	objects = {

/* Begin PBXBuildFile section */
		381FE55C1B816F1200F8F031 /* WOWCircleRippleButton.swift in Sources */ = {isa = PBXBuildFile; fileRef = 381FE55B1B816F1200F8F031 /* WOWCircleRippleButton.swift */; };
		381FE55E1B816F2B00F8F031 /* GCD.swift in Sources */ = {isa = PBXBuildFile; fileRef = 381FE55D1B816F2B00F8F031 /* GCD.swift */; };
		381FE5601B816F4000F8F031 /* CAAnimation+Closure.swift in Sources */ = {isa = PBXBuildFile; fileRef = 381FE55F1B816F4000F8F031 /* CAAnimation+Closure.swift */; };
		385B685C1B7CD82C000BD2E4 /* AppDelegate.swift in Sources */ = {isa = PBXBuildFile; fileRef = 385B685B1B7CD82C000BD2E4 /* AppDelegate.swift */; };
		385B685E1B7CD82C000BD2E4 /* ViewController.swift in Sources */ = {isa = PBXBuildFile; fileRef = 385B685D1B7CD82C000BD2E4 /* ViewController.swift */; };
		385B68611B7CD82C000BD2E4 /* Main.storyboard in Resources */ = {isa = PBXBuildFile; fileRef = 385B685F1B7CD82C000BD2E4 /* Main.storyboard */; };
		385B68631B7CD82C000BD2E4 /* Assets.xcassets in Resources */ = {isa = PBXBuildFile; fileRef = 385B68621B7CD82C000BD2E4 /* Assets.xcassets */; };
		385B68661B7CD82C000BD2E4 /* LaunchScreen.storyboard in Resources */ = {isa = PBXBuildFile; fileRef = 385B68641B7CD82C000BD2E4 /* LaunchScreen.storyboard */; };
		385B68711B7CD922000BD2E4 /* LoginViewController.swift in Sources */ = {isa = PBXBuildFile; fileRef = 385B686D1B7CD922000BD2E4 /* LoginViewController.swift */; };
		385B68721B7CD922000BD2E4 /* ProfileViewController.swift in Sources */ = {isa = PBXBuildFile; fileRef = 385B686E1B7CD922000BD2E4 /* ProfileViewController.swift */; };
		385B68731B7CD922000BD2E4 /* RegisterViewController.swift in Sources */ = {isa = PBXBuildFile; fileRef = 385B686F1B7CD922000BD2E4 /* RegisterViewController.swift */; };
		385B68741B7CD922000BD2E4 /* UserViewController.swift in Sources */ = {isa = PBXBuildFile; fileRef = 385B68701B7CD922000BD2E4 /* UserViewController.swift */; };
		385B68821B7CD96F000BD2E4 /* PassthroughView.swift in Sources */ = {isa = PBXBuildFile; fileRef = 385B687A1B7CD96F000BD2E4 /* PassthroughView.swift */; };
		385B68841B7CD96F000BD2E4 /* Touchable.swift in Sources */ = {isa = PBXBuildFile; fileRef = 385B687C1B7CD96F000BD2E4 /* Touchable.swift */; };
		385B68851B7CD96F000BD2E4 /* UIColor+Hex.swift in Sources */ = {isa = PBXBuildFile; fileRef = 385B687D1B7CD96F000BD2E4 /* UIColor+Hex.swift */; };
		385B68871B7CD9A2000BD2E4 /* ActionViewController.swift in Sources */ = {isa = PBXBuildFile; fileRef = 385B68861B7CD9A2000BD2E4 /* ActionViewController.swift */; };
		385B688E1B7CDA53000BD2E4 /* UIView+ViewController.swift in Sources */ = {isa = PBXBuildFile; fileRef = 385B688B1B7CDA53000BD2E4 /* UIView+ViewController.swift */; };
		385B688F1B7CDA53000BD2E4 /* UIViewController+ChildViewController.swift in Sources */ = {isa = PBXBuildFile; fileRef = 385B688C1B7CDA53000BD2E4 /* UIViewController+ChildViewController.swift */; };
		385B68901B7CDA53000BD2E4 /* Utils.swift in Sources */ = {isa = PBXBuildFile; fileRef = 385B688D1B7CDA53000BD2E4 /* Utils.swift */; };
		38BE77E61B7D8E0700F76D9C /* WOWCheckbox.swift in Sources */ = {isa = PBXBuildFile; fileRef = 38BE77E51B7D8E0700F76D9C /* WOWCheckbox.swift */; };
		38BE77E81B7D8E6D00F76D9C /* WOWTextField.swift in Sources */ = {isa = PBXBuildFile; fileRef = 38BE77E71B7D8E6D00F76D9C /* WOWTextField.swift */; };
		38BE77EE1B7DBD2900F76D9C /* WOWMessageLabel.swift in Sources */ = {isa = PBXBuildFile; fileRef = 38BE77ED1B7DBD2900F76D9C /* WOWMessageLabel.swift */; };
		38BE77F21B7DE1A300F76D9C /* ResetPasswordViewController.swift in Sources */ = {isa = PBXBuildFile; fileRef = 38BE77F11B7DE1A300F76D9C /* ResetPasswordViewController.swift */; };
		38C0AE681B819CCB00CD01F7 /* UITextField+Shake.swift in Sources */ = {isa = PBXBuildFile; fileRef = 38C0AE671B819CCB00CD01F7 /* UITextField+Shake.swift */; };
/* End PBXBuildFile section */

/* Begin PBXFileReference section */
		381FE55B1B816F1200F8F031 /* WOWCircleRippleButton.swift */ = {isa = PBXFileReference; fileEncoding = 4; lastKnownFileType = sourcecode.swift; name = WOWCircleRippleButton.swift; path = ../../../WOWCircleRipple/CircleRipple/WOWCircleRippleButton.swift; sourceTree = "<group>"; };
		381FE55D1B816F2B00F8F031 /* GCD.swift */ = {isa = PBXFileReference; fileEncoding = 4; lastKnownFileType = sourcecode.swift; name = GCD.swift; path = ../../../WOWCircleRipple/CircleRipple/GCD.swift; sourceTree = "<group>"; };
		381FE55F1B816F4000F8F031 /* CAAnimation+Closure.swift */ = {isa = PBXFileReference; fileEncoding = 4; lastKnownFileType = sourcecode.swift; name = "CAAnimation+Closure.swift"; path = "../../../WOWCircleRipple/CircleRipple/CAAnimation+Closure.swift"; sourceTree = "<group>"; };
		385B68581B7CD82C000BD2E4 /* UserDemo.app */ = {isa = PBXFileReference; explicitFileType = wrapper.application; includeInIndex = 0; path = UserDemo.app; sourceTree = BUILT_PRODUCTS_DIR; };
		385B685B1B7CD82C000BD2E4 /* AppDelegate.swift */ = {isa = PBXFileReference; lastKnownFileType = sourcecode.swift; path = AppDelegate.swift; sourceTree = "<group>"; };
		385B685D1B7CD82C000BD2E4 /* ViewController.swift */ = {isa = PBXFileReference; lastKnownFileType = sourcecode.swift; path = ViewController.swift; sourceTree = "<group>"; };
		385B68601B7CD82C000BD2E4 /* Base */ = {isa = PBXFileReference; lastKnownFileType = file.storyboard; name = Base; path = Base.lproj/Main.storyboard; sourceTree = "<group>"; };
		385B68621B7CD82C000BD2E4 /* Assets.xcassets */ = {isa = PBXFileReference; lastKnownFileType = folder.assetcatalog; path = Assets.xcassets; sourceTree = "<group>"; };
		385B68651B7CD82C000BD2E4 /* Base */ = {isa = PBXFileReference; lastKnownFileType = file.storyboard; name = Base; path = Base.lproj/LaunchScreen.storyboard; sourceTree = "<group>"; };
		385B68671B7CD82C000BD2E4 /* Info.plist */ = {isa = PBXFileReference; lastKnownFileType = text.plist.xml; path = Info.plist; sourceTree = "<group>"; };
		385B686D1B7CD922000BD2E4 /* LoginViewController.swift */ = {isa = PBXFileReference; fileEncoding = 4; lastKnownFileType = sourcecode.swift; path = LoginViewController.swift; sourceTree = "<group>"; };
		385B686E1B7CD922000BD2E4 /* ProfileViewController.swift */ = {isa = PBXFileReference; fileEncoding = 4; lastKnownFileType = sourcecode.swift; path = ProfileViewController.swift; sourceTree = "<group>"; };
		385B686F1B7CD922000BD2E4 /* RegisterViewController.swift */ = {isa = PBXFileReference; fileEncoding = 4; lastKnownFileType = sourcecode.swift; path = RegisterViewController.swift; sourceTree = "<group>"; };
		385B68701B7CD922000BD2E4 /* UserViewController.swift */ = {isa = PBXFileReference; fileEncoding = 4; lastKnownFileType = sourcecode.swift; path = UserViewController.swift; sourceTree = "<group>"; };
		385B687A1B7CD96F000BD2E4 /* PassthroughView.swift */ = {isa = PBXFileReference; fileEncoding = 4; lastKnownFileType = sourcecode.swift; path = PassthroughView.swift; sourceTree = "<group>"; };
		385B687C1B7CD96F000BD2E4 /* Touchable.swift */ = {isa = PBXFileReference; fileEncoding = 4; lastKnownFileType = sourcecode.swift; path = Touchable.swift; sourceTree = "<group>"; };
		385B687D1B7CD96F000BD2E4 /* UIColor+Hex.swift */ = {isa = PBXFileReference; fileEncoding = 4; lastKnownFileType = sourcecode.swift; path = "UIColor+Hex.swift"; sourceTree = "<group>"; };
		385B68861B7CD9A2000BD2E4 /* ActionViewController.swift */ = {isa = PBXFileReference; fileEncoding = 4; lastKnownFileType = sourcecode.swift; path = ActionViewController.swift; sourceTree = "<group>"; };
		385B688B1B7CDA53000BD2E4 /* UIView+ViewController.swift */ = {isa = PBXFileReference; fileEncoding = 4; lastKnownFileType = sourcecode.swift; path = "UIView+ViewController.swift"; sourceTree = "<group>"; };
		385B688C1B7CDA53000BD2E4 /* UIViewController+ChildViewController.swift */ = {isa = PBXFileReference; fileEncoding = 4; lastKnownFileType = sourcecode.swift; path = "UIViewController+ChildViewController.swift"; sourceTree = "<group>"; };
		385B688D1B7CDA53000BD2E4 /* Utils.swift */ = {isa = PBXFileReference; fileEncoding = 4; lastKnownFileType = sourcecode.swift; path = Utils.swift; sourceTree = "<group>"; };
		38BE77E51B7D8E0700F76D9C /* WOWCheckbox.swift */ = {isa = PBXFileReference; fileEncoding = 4; lastKnownFileType = sourcecode.swift; name = WOWCheckbox.swift; path = ../../../WOWCheckbox/Checkbox/src/WOWCheckbox.swift; sourceTree = "<group>"; };
		38BE77E71B7D8E6D00F76D9C /* WOWTextField.swift */ = {isa = PBXFileReference; fileEncoding = 4; lastKnownFileType = sourcecode.swift; name = WOWTextField.swift; path = ../../../WOWTextField/WOWTextFieldDemo/WOWTextField.swift; sourceTree = "<group>"; };
		38BE77ED1B7DBD2900F76D9C /* WOWMessageLabel.swift */ = {isa = PBXFileReference; fileEncoding = 4; lastKnownFileType = sourcecode.swift; path = WOWMessageLabel.swift; sourceTree = "<group>"; };
		38BE77F11B7DE1A300F76D9C /* ResetPasswordViewController.swift */ = {isa = PBXFileReference; fileEncoding = 4; lastKnownFileType = sourcecode.swift; path = ResetPasswordViewController.swift; sourceTree = "<group>"; };
		38C0AE671B819CCB00CD01F7 /* UITextField+Shake.swift */ = {isa = PBXFileReference; fileEncoding = 4; lastKnownFileType = sourcecode.swift; path = "UITextField+Shake.swift"; sourceTree = "<group>"; };
/* End PBXFileReference section */

/* Begin PBXFrameworksBuildPhase section */
		385B68551B7CD82C000BD2E4 /* Frameworks */ = {
			isa = PBXFrameworksBuildPhase;
			buildActionMask = 2147483647;
			files = (
			);
			runOnlyForDeploymentPostprocessing = 0;
		};
/* End PBXFrameworksBuildPhase section */

/* Begin PBXGroup section */
		385B684F1B7CD82C000BD2E4 = {
			isa = PBXGroup;
			children = (
				385B685A1B7CD82C000BD2E4 /* UserDemo */,
				385B68591B7CD82C000BD2E4 /* Products */,
			);
			sourceTree = "<group>";
		};
		385B68591B7CD82C000BD2E4 /* Products */ = {
			isa = PBXGroup;
			children = (
				385B68581B7CD82C000BD2E4 /* UserDemo.app */,
			);
			name = Products;
			sourceTree = "<group>";
		};
		385B685A1B7CD82C000BD2E4 /* UserDemo */ = {
			isa = PBXGroup;
			children = (
				385B68911B7CDA73000BD2E4 /* Libs */,
				385B688A1B7CDA53000BD2E4 /* Utils */,
				385B68861B7CD9A2000BD2E4 /* ActionViewController.swift */,
				385B68751B7CD96F000BD2E4 /* Components */,
				385B687C1B7CD96F000BD2E4 /* Touchable.swift */,
				385B687D1B7CD96F000BD2E4 /* UIColor+Hex.swift */,
				385B686D1B7CD922000BD2E4 /* LoginViewController.swift */,
				385B686E1B7CD922000BD2E4 /* ProfileViewController.swift */,
				385B686F1B7CD922000BD2E4 /* RegisterViewController.swift */,
				38BE77F11B7DE1A300F76D9C /* ResetPasswordViewController.swift */,
				385B68701B7CD922000BD2E4 /* UserViewController.swift */,
				385B685B1B7CD82C000BD2E4 /* AppDelegate.swift */,
				385B685D1B7CD82C000BD2E4 /* ViewController.swift */,
				385B685F1B7CD82C000BD2E4 /* Main.storyboard */,
				385B68621B7CD82C000BD2E4 /* Assets.xcassets */,
				385B68641B7CD82C000BD2E4 /* LaunchScreen.storyboard */,
				385B68671B7CD82C000BD2E4 /* Info.plist */,
			);
			path = UserDemo;
			sourceTree = "<group>";
		};
		385B68751B7CD96F000BD2E4 /* Components */ = {
			isa = PBXGroup;
			children = (
				38C0AE671B819CCB00CD01F7 /* UITextField+Shake.swift */,
				381FE55B1B816F1200F8F031 /* WOWCircleRippleButton.swift */,
				38BE77E71B7D8E6D00F76D9C /* WOWTextField.swift */,
				38BE77E51B7D8E0700F76D9C /* WOWCheckbox.swift */,
				385B687A1B7CD96F000BD2E4 /* PassthroughView.swift */,
				38BE77ED1B7DBD2900F76D9C /* WOWMessageLabel.swift */,
			);
			path = Components;
			sourceTree = "<group>";
		};
		385B688A1B7CDA53000BD2E4 /* Utils */ = {
			isa = PBXGroup;
			children = (
				381FE55F1B816F4000F8F031 /* CAAnimation+Closure.swift */,
				381FE55D1B816F2B00F8F031 /* GCD.swift */,
				385B688B1B7CDA53000BD2E4 /* UIView+ViewController.swift */,
				385B688C1B7CDA53000BD2E4 /* UIViewController+ChildViewController.swift */,
				385B688D1B7CDA53000BD2E4 /* Utils.swift */,
			);
			path = Utils;
			sourceTree = "<group>";
		};
		385B68911B7CDA73000BD2E4 /* Libs */ = {
			isa = PBXGroup;
			children = (
			);
			path = Libs;
			sourceTree = "<group>";
		};
/* End PBXGroup section */

/* Begin PBXNativeTarget section */
		385B68571B7CD82C000BD2E4 /* UserDemo */ = {
			isa = PBXNativeTarget;
			buildConfigurationList = 385B686A1B7CD82C000BD2E4 /* Build configuration list for PBXNativeTarget "UserDemo" */;
			buildPhases = (
				385B68541B7CD82C000BD2E4 /* Sources */,
				385B68551B7CD82C000BD2E4 /* Frameworks */,
				385B68561B7CD82C000BD2E4 /* Resources */,
			);
			buildRules = (
			);
			dependencies = (
			);
			name = UserDemo;
			productName = UserDemo;
			productReference = 385B68581B7CD82C000BD2E4 /* UserDemo.app */;
			productType = "com.apple.product-type.application";
		};
/* End PBXNativeTarget section */

/* Begin PBXProject section */
		385B68501B7CD82C000BD2E4 /* Project object */ = {
			isa = PBXProject;
			attributes = {
				LastUpgradeCheck = 0700;
				ORGANIZATIONNAME = Zeus;
				TargetAttributes = {
					385B68571B7CD82C000BD2E4 = {
						CreatedOnToolsVersion = 7.0;
					};
				};
			};
			buildConfigurationList = 385B68531B7CD82C000BD2E4 /* Build configuration list for PBXProject "UserDemo" */;
			compatibilityVersion = "Xcode 3.2";
			developmentRegion = English;
			hasScannedForEncodings = 0;
			knownRegions = (
				en,
				Base,
			);
			mainGroup = 385B684F1B7CD82C000BD2E4;
			productRefGroup = 385B68591B7CD82C000BD2E4 /* Products */;
			projectDirPath = "";
			projectRoot = "";
			targets = (
				385B68571B7CD82C000BD2E4 /* UserDemo */,
			);
		};
/* End PBXProject section */

/* Begin PBXResourcesBuildPhase section */
		385B68561B7CD82C000BD2E4 /* Resources */ = {
			isa = PBXResourcesBuildPhase;
			buildActionMask = 2147483647;
			files = (
				385B68661B7CD82C000BD2E4 /* LaunchScreen.storyboard in Resources */,
				385B68631B7CD82C000BD2E4 /* Assets.xcassets in Resources */,
				385B68611B7CD82C000BD2E4 /* Main.storyboard in Resources */,
			);
			runOnlyForDeploymentPostprocessing = 0;
		};
/* End PBXResourcesBuildPhase section */

/* Begin PBXSourcesBuildPhase section */
		385B68541B7CD82C000BD2E4 /* Sources */ = {
			isa = PBXSourcesBuildPhase;
			buildActionMask = 2147483647;
			files = (
				38BE77E61B7D8E0700F76D9C /* WOWCheckbox.swift in Sources */,
				385B688F1B7CDA53000BD2E4 /* UIViewController+ChildViewController.swift in Sources */,
				38BE77E81B7D8E6D00F76D9C /* WOWTextField.swift in Sources */,
				385B68821B7CD96F000BD2E4 /* PassthroughView.swift in Sources */,
				385B68711B7CD922000BD2E4 /* LoginViewController.swift in Sources */,
				385B688E1B7CDA53000BD2E4 /* UIView+ViewController.swift in Sources */,
				381FE55E1B816F2B00F8F031 /* GCD.swift in Sources */,
				385B68871B7CD9A2000BD2E4 /* ActionViewController.swift in Sources */,
				385B68741B7CD922000BD2E4 /* UserViewController.swift in Sources */,
				38BE77F21B7DE1A300F76D9C /* ResetPasswordViewController.swift in Sources */,
				385B68731B7CD922000BD2E4 /* RegisterViewController.swift in Sources */,
				385B685E1B7CD82C000BD2E4 /* ViewController.swift in Sources */,
				385B68901B7CDA53000BD2E4 /* Utils.swift in Sources */,
				385B68721B7CD922000BD2E4 /* ProfileViewController.swift in Sources */,
				38BE77EE1B7DBD2900F76D9C /* WOWMessageLabel.swift in Sources */,
				385B685C1B7CD82C000BD2E4 /* AppDelegate.swift in Sources */,
				38C0AE681B819CCB00CD01F7 /* UITextField+Shake.swift in Sources */,
				385B68851B7CD96F000BD2E4 /* UIColor+Hex.swift in Sources */,
				381FE55C1B816F1200F8F031 /* WOWCircleRippleButton.swift in Sources */,
				385B68841B7CD96F000BD2E4 /* Touchable.swift in Sources */,
				381FE5601B816F4000F8F031 /* CAAnimation+Closure.swift in Sources */,
			);
			runOnlyForDeploymentPostprocessing = 0;
		};
/* End PBXSourcesBuildPhase section */

/* Begin PBXVariantGroup section */
		385B685F1B7CD82C000BD2E4 /* Main.storyboard */ = {
			isa = PBXVariantGroup;
			children = (
				385B68601B7CD82C000BD2E4 /* Base */,
			);
			name = Main.storyboard;
			sourceTree = "<group>";
		};
		385B68641B7CD82C000BD2E4 /* LaunchScreen.storyboard */ = {
			isa = PBXVariantGroup;
			children = (
				385B68651B7CD82C000BD2E4 /* Base */,
			);
			name = LaunchScreen.storyboard;
			sourceTree = "<group>";
		};
/* End PBXVariantGroup section */

/* Begin XCBuildConfiguration section */
		385B68681B7CD82C000BD2E4 /* Debug */ = {
			isa = XCBuildConfiguration;
			buildSettings = {
				ALWAYS_SEARCH_USER_PATHS = NO;
				CLANG_CXX_LANGUAGE_STANDARD = "gnu++0x";
				CLANG_CXX_LIBRARY = "libc++";
				CLANG_ENABLE_MODULES = YES;
				CLANG_ENABLE_OBJC_ARC = YES;
				CLANG_WARN_BOOL_CONVERSION = YES;
				CLANG_WARN_CONSTANT_CONVERSION = YES;
				CLANG_WARN_DIRECT_OBJC_ISA_USAGE = YES_ERROR;
				CLANG_WARN_EMPTY_BODY = YES;
				CLANG_WARN_ENUM_CONVERSION = YES;
				CLANG_WARN_INT_CONVERSION = YES;
				CLANG_WARN_OBJC_ROOT_CLASS = YES_ERROR;
				CLANG_WARN_UNREACHABLE_CODE = YES;
				CLANG_WARN__DUPLICATE_METHOD_MATCH = YES;
				"CODE_SIGN_IDENTITY[sdk=iphoneos*]" = "iPhone Developer";
				COPY_PHASE_STRIP = NO;
				DEBUG_INFORMATION_FORMAT = dwarf;
				ENABLE_STRICT_OBJC_MSGSEND = YES;
				ENABLE_TESTABILITY = YES;
				GCC_C_LANGUAGE_STANDARD = gnu99;
				GCC_DYNAMIC_NO_PIC = NO;
				GCC_NO_COMMON_BLOCKS = YES;
				GCC_OPTIMIZATION_LEVEL = 0;
				GCC_PREPROCESSOR_DEFINITIONS = (
					"DEBUG=1",
					"$(inherited)",
				);
				GCC_WARN_64_TO_32_BIT_CONVERSION = YES;
				GCC_WARN_ABOUT_RETURN_TYPE = YES_ERROR;
				GCC_WARN_UNDECLARED_SELECTOR = YES;
				GCC_WARN_UNINITIALIZED_AUTOS = YES_AGGRESSIVE;
				GCC_WARN_UNUSED_FUNCTION = YES;
				GCC_WARN_UNUSED_VARIABLE = YES;
				IPHONEOS_DEPLOYMENT_TARGET = 9.0;
				MTL_ENABLE_DEBUG_INFO = YES;
				ONLY_ACTIVE_ARCH = YES;
				SDKROOT = iphoneos;
				SWIFT_OPTIMIZATION_LEVEL = "-Onone";
			};
			name = Debug;
		};
		385B68691B7CD82C000BD2E4 /* Release */ = {
			isa = XCBuildConfiguration;
			buildSettings = {
				ALWAYS_SEARCH_USER_PATHS = NO;
				CLANG_CXX_LANGUAGE_STANDARD = "gnu++0x";
				CLANG_CXX_LIBRARY = "libc++";
				CLANG_ENABLE_MODULES = YES;
				CLANG_ENABLE_OBJC_ARC = YES;
				CLANG_WARN_BOOL_CONVERSION = YES;
				CLANG_WARN_CONSTANT_CONVERSION = YES;
				CLANG_WARN_DIRECT_OBJC_ISA_USAGE = YES_ERROR;
				CLANG_WARN_EMPTY_BODY = YES;
				CLANG_WARN_ENUM_CONVERSION = YES;
				CLANG_WARN_INT_CONVERSION = YES;
				CLANG_WARN_OBJC_ROOT_CLASS = YES_ERROR;
				CLANG_WARN_UNREACHABLE_CODE = YES;
				CLANG_WARN__DUPLICATE_METHOD_MATCH = YES;
				"CODE_SIGN_IDENTITY[sdk=iphoneos*]" = "iPhone Developer";
				COPY_PHASE_STRIP = NO;
				DEBUG_INFORMATION_FORMAT = "dwarf-with-dsym";
				ENABLE_NS_ASSERTIONS = NO;
				ENABLE_STRICT_OBJC_MSGSEND = YES;
				GCC_C_LANGUAGE_STANDARD = gnu99;
				GCC_NO_COMMON_BLOCKS = YES;
				GCC_WARN_64_TO_32_BIT_CONVERSION = YES;
				GCC_WARN_ABOUT_RETURN_TYPE = YES_ERROR;
				GCC_WARN_UNDECLARED_SELECTOR = YES;
				GCC_WARN_UNINITIALIZED_AUTOS = YES_AGGRESSIVE;
				GCC_WARN_UNUSED_FUNCTION = YES;
				GCC_WARN_UNUSED_VARIABLE = YES;
				IPHONEOS_DEPLOYMENT_TARGET = 9.0;
				MTL_ENABLE_DEBUG_INFO = NO;
				SDKROOT = iphoneos;
				VALIDATE_PRODUCT = YES;
			};
			name = Release;
		};
		385B686B1B7CD82C000BD2E4 /* Debug */ = {
			isa = XCBuildConfiguration;
			buildSettings = {
				ASSETCATALOG_COMPILER_APPICON_NAME = AppIcon;
				HEADER_SEARCH_PATHS = "$(SRCROOT)/UserDemo/Libs";
				INFOPLIST_FILE = UserDemo/Info.plist;
				LD_RUNPATH_SEARCH_PATHS = "$(inherited) @executable_path/Frameworks";
				PRODUCT_BUNDLE_IDENTIFIER = com.wowtv.UserDemo;
				PRODUCT_NAME = "$(TARGET_NAME)";
				SWIFT_OBJC_BRIDGING_HEADER = "";
			};
			name = Debug;
		};
		385B686C1B7CD82C000BD2E4 /* Release */ = {
			isa = XCBuildConfiguration;
			buildSettings = {
				ASSETCATALOG_COMPILER_APPICON_NAME = AppIcon;
				HEADER_SEARCH_PATHS = "$(SRCROOT)/UserDemo/Libs";
				INFOPLIST_FILE = UserDemo/Info.plist;
				LD_RUNPATH_SEARCH_PATHS = "$(inherited) @executable_path/Frameworks";
				PRODUCT_BUNDLE_IDENTIFIER = com.wowtv.UserDemo;
				PRODUCT_NAME = "$(TARGET_NAME)";
				SWIFT_OBJC_BRIDGING_HEADER = "";
			};
			name = Release;
		};
/* End XCBuildConfiguration section */

/* Begin XCConfigurationList section */
		385B68531B7CD82C000BD2E4 /* Build configuration list for PBXProject "UserDemo" */ = {
			isa = XCConfigurationList;
			buildConfigurations = (
				385B68681B7CD82C000BD2E4 /* Debug */,
				385B68691B7CD82C000BD2E4 /* Release */,
			);
			defaultConfigurationIsVisible = 0;
			defaultConfigurationName = Release;
		};
		385B686A1B7CD82C000BD2E4 /* Build configuration list for PBXNativeTarget "UserDemo" */ = {
			isa = XCConfigurationList;
			buildConfigurations = (
				385B686B1B7CD82C000BD2E4 /* Debug */,
				385B686C1B7CD82C000BD2E4 /* Release */,
			);
			defaultConfigurationIsVisible = 0;
			defaultConfigurationName = Release;
		};
/* End XCConfigurationList section */
	};
	rootObject = 385B68501B7CD82C000BD2E4 /* Project object */;
}
